
Microsoft Visual Studio Solution File, Format Version 12.00
# Visual Studio Version 16
VisualStudioVersion = 16.0.29709.97
MinimumVisualStudioVersion = 10.0.40219.1
Project("{9A19103F-16F7-4668-BE54-9A1E7A4F7556}") = "Vanara.PropertyStore", "Vanara.PropertyStore\Vanara.PropertyStore.csproj", "{81288D0E-DA98-4237-9088-E47370AF975C}"
EndProject
Project("{FAE04EC0-301F-11D3-BF4B-00C04F79EFBC}") = "UnitTests", "UnitTests\UnitTests.csproj", "{394C1C0D-92C5-4B98-998F-9E74A3DB9F41}"
EndProject
Global
	GlobalSection(SolutionConfigurationPlatforms) = preSolution
		Debug|Any CPU = Debug|Any CPU
		Release|Any CPU = Release|Any CPU
	EndGlobalSection
	GlobalSection(ProjectConfigurationPlatforms) = postSolution
		{81288D0E-DA98-4237-9088-E47370AF975C}.Debug|Any CPU.ActiveCfg = Debug|Any CPU
		{81288D0E-DA98-4237-9088-E47370AF975C}.Debug|Any CPU.Build.0 = Debug|Any CPU
		{81288D0E-DA98-4237-9088-E47370AF975C}.Release|Any CPU.ActiveCfg = Release|Any CPU
		{81288D0E-DA98-4237-9088-E47370AF975C}.Release|Any CPU.Build.0 = Release|Any CPU
		{394C1C0D-92C5-4B98-998F-9E74A3DB9F41}.Debug|Any CPU.ActiveCfg = Debug|Any CPU
		{394C1C0D-92C5-4B98-998F-9E74A3DB9F41}.Debug|Any CPU.Build.0 = Debug|Any CPU
		{394C1C0D-92C5-4B98-998F-9E74A3DB9F41}.Release|Any CPU.ActiveCfg = Release|Any CPU
		{394C1C0D-92C5-4B98-998F-9E74A3DB9F41}.Release|Any CPU.Build.0 = Release|Any CPU
	EndGlobalSection
	GlobalSection(SolutionProperties) = preSolution
		HideSolutionNode = FALSE
	EndGlobalSection
	GlobalSection(ExtensibilityGlobals) = postSolution
		SolutionGuid = {6EE554D4-D86F-41D8-BFEB-3DE081A0504B}
	EndGlobalSection
EndGlobal
